<?xml version="1.0" encoding="utf-8"?>
<Project ToolsVersion="4.0" xmlns="http://schemas.microsoft.com/developer/msbuild/2003">
  <ItemGroup>
    <Filter Include="소스 파일">
      <UniqueIdentifier>{ab54152d-6155-4a3a-b38d-1158f55509c1}</UniqueIdentifier>
    </Filter>
    <Filter Include="헤더 파일">
      <UniqueIdentifier>{d7e1217d-751f-4ed6-aa18-b2b05c98c9bb}</UniqueIdentifier>
    </Filter>
    <Filter Include="소스 파일\Skills">
      <UniqueIdentifier>{b049d605-8e6b-444d-b737-a030bb86da6a}</UniqueIdentifier>
    </Filter>
    <Filter Include="소스 파일\Framework">
      <UniqueIdentifier>{fadba8d5-054d-4070-abe8-63876fba9b58}</UniqueIdentifier>
    </Filter>
    <Filter Include="소스 파일\Utils">
      <UniqueIdentifier>{4d9f4dbb-5298-4398-b468-25826e064ce7}</UniqueIdentifier>
    </Filter>
    <Filter Include="소스 파일\Actors">
      <UniqueIdentifier>{da45cea9-f451-4f8f-9084-0cdef13a6bec}</UniqueIdentifier>
    </Filter>
    <Filter Include="헤더 파일\Framework">
      <UniqueIdentifier>{58e24b82-6a22-4468-a262-98f360a2928e}</UniqueIdentifier>
    </Filter>
    <Filter Include="헤더 파일\Skills">
      <UniqueIdentifier>{569befd4-f9b4-4c77-af10-58e6564c8d33}</UniqueIdentifier>
    </Filter>
    <Filter Include="헤더 파일\Utils">
      <UniqueIdentifier>{bf7e8235-346a-4a97-8edc-60cbde6c6a1c}</UniqueIdentifier>
    </Filter>
    <Filter Include="헤더 파일\Actors">
      <UniqueIdentifier>{c712945f-91ca-4d02-900c-1db1077c42dd}</UniqueIdentifier>
    </Filter>
    <Filter Include="헤더 파일\Systems">
      <UniqueIdentifier>{787430a0-beb1-45a4-935d-dcf93a6f5267}</UniqueIdentifier>
    </Filter>
    <Filter Include="소스 파일\Systems">
      <UniqueIdentifier>{60e85c58-fb20-414c-abd9-668b81a60078}</UniqueIdentifier>
    </Filter>
    <Filter Include="헤더 파일\Maps">
      <UniqueIdentifier>{957aa5fa-03ec-4072-8df1-05c525163562}</UniqueIdentifier>
    </Filter>
    <Filter Include="소스 파일\Maps">
      <UniqueIdentifier>{a9b6527e-5d9a-4453-81dd-e2d8f6c71c83}</UniqueIdentifier>
    </Filter>
    <Filter Include="JSON 파일">
      <UniqueIdentifier>{053ce539-da71-44c0-aaca-b33dca14cd51}</UniqueIdentifier>
    </Filter>
  </ItemGroup>
  <ItemGroup>
    <ClCompile Include="Spartale.cpp">
      <Filter>소스 파일</Filter>
    </ClCompile>
    <ClCompile Include="Source\Utils\ConsoleRenderer.cpp" />
    <ClCompile Include="Source\Utils\ConsoleUtils.cpp" />
    <ClCompile Include="Source\Utils\DamageUtils.cpp" />
    <ClCompile Include="Source\GameLogic\BattleManager.cpp" />
    <ClCompile Include="Source\GameLogic\Units\Player.cpp" />
    <ClCompile Include="Source\GameLogic\Units\Monster.cpp" />
    <ClCompile Include="Source\GameLogic\Skills\AB_PoisonCloud.cpp" />
    <ClCompile Include="Source\GameLogic\Skills\AB_NormalAttack.cpp" />
    <ClCompile Include="Source\GameLogic\Map\Field.cpp" />
    <ClCompile Include="Source\Framework\AbilitySystem\GameplayEffect.cpp" />
    <ClCompile Include="Source\Framework\AbilitySystem\GameplayAbility.cpp" />
    <ClCompile Include="Source\Framework\AbilitySystem\AttributeSet.cpp" />
    <ClCompile Include="Source\Framework\AbilitySystem\AbilitySystemComponent.cpp" />
    <ClCompile Include="Source\Core\GameWorld.cpp" />
    <ClCompile Include="Source\Core\Actor.cpp" />
    <ClCompile Include="Source\GameLogic\DataManager.cpp" />
    <ClCompile Include="Source\GameLogic\MainMenu.cpp" />
    <ClCompile Include="Source\GameLogic\PauseMenu.cpp" />
    <ClCompile Include="Source\GameLogic\Story\Scene_Prologue.cpp" />
    <ClCompile Include="Scene_Begin.cpp" />
    <ClCompile Include="Scene_TowerGate.cpp" />
    <ClCompile Include="Scene_FinalBoss.cpp" />
    <ClCompile Include="Scene_Epiloge.cpp" />
    <ClCompile Include="Source\GameLogic\Story\Scene_Begin.cpp" />
    <ClCompile Include="Source\GameLogic\Story\Scene_Epiloge.cpp" />
    <ClCompile Include="Source\GameLogic\Story\Scene_FinalBoss.cpp" />
    <ClCompile Include="Source\GameLogic\Story\Scene_TowerGate.cpp" />
  </ItemGroup>
  <ItemGroup>
    <None Include="Data\Town.json" />
    <None Include="Data\Field_1.json" />
    <None Include="Data\Monsters.json" />
  </ItemGroup>
  <ItemGroup>
    <ClInclude Include="Source\Utils\DamageUtils.h" />
    <ClInclude Include="Source\Utils\ConsoleRenderer.h" />
    <ClInclude Include="Source\Utils\ConsoleUtils.h" />
    <ClInclude Include="Source\GameLogic\BattleManager.h" />
    <ClInclude Include="Source\GameLogic\Units\Player.h" />
    <ClInclude Include="Source\GameLogic\Units\Monster.h" />
    <ClInclude Include="Source\GameLogic\Skills\AB_PoisonCloud.h" />
    <ClInclude Include="Source\GameLogic\Skills\AB_NormalAttack.h" />
    <ClInclude Include="Source\GameLogic\Map\Field.h" />
    <ClInclude Include="Source\Framework\AbilitySystem\GameplayEffect.h" />
    <ClInclude Include="Source\Framework\AbilitySystem\GameplayAbility.h" />
    <ClInclude Include="Source\Framework\AbilitySystem\AttributeSet.h" />
    <ClInclude Include="Source\Framework\AbilitySystem\AbilitySystemComponent.h" />
    <ClInclude Include="Source\Core\Global.h" />
    <ClInclude Include="Source\Core\GameWorld.h" />
    <ClInclude Include="Source\Core\Actor.h" />
    <ClInclude Include="include\json.hpp" />
    <ClInclude Include="Source\GameLogic\DataManager.h" />
    <ClInclude Include="Source\GameLogic\MainMenu.h" />
    <ClInclude Include="Source\GameLogic\PauseMenu.h" />
  </ItemGroup>
</Project>